
Microsoft Visual Studio Solution File, Format Version 12.00
# Visual Studio 15
VisualStudioVersion = 15.0.27004.2002
MinimumVisualStudioVersion = 10.0.40219.1
Project("{2150E333-8FDC-42A3-9474-1A3956D46DE8}") = "src", "src", "{CB075782-C9E7-48C1-BA07-0D279BB790BB}"
EndProject
Project("{2150E333-8FDC-42A3-9474-1A3956D46DE8}") = "Solution Items", "Solution Items", "{B16F5D59-DE1B-44DF-9A0B-5EC43B8EE686}"
EndProject
Project("{2150E333-8FDC-42A3-9474-1A3956D46DE8}") = "test", "test", "{B73B4270-82C3-4696-A327-44FF737D29F4}"
EndProject
Project("{9A19103F-16F7-4668-BE54-9A1E7A4F7556}") = "Disclose.Tests", "test\Disclose.Tests\Disclose.Tests.csproj", "{FC1943B3-A38C-4F7D-B782-40011CA06212}"
EndProject
Project("{9A19103F-16F7-4668-BE54-9A1E7A4F7556}") = "Disclose", "src\Disclose\Disclose.csproj", "{02D14292-ADF6-4A4E-ACE0-2D839C33F62D}"
EndProject
Global
	GlobalSection(SolutionConfigurationPlatforms) = preSolution
		Debug|Any CPU = Debug|Any CPU
		Release|Any CPU = Release|Any CPU
	EndGlobalSection
	GlobalSection(ProjectConfigurationPlatforms) = postSolution
		{FC1943B3-A38C-4F7D-B782-40011CA06212}.Debug|Any CPU.ActiveCfg = Debug|Any CPU
		{FC1943B3-A38C-4F7D-B782-40011CA06212}.Debug|Any CPU.Build.0 = Debug|Any CPU
		{FC1943B3-A38C-4F7D-B782-40011CA06212}.Release|Any CPU.ActiveCfg = Release|Any CPU
		{FC1943B3-A38C-4F7D-B782-40011CA06212}.Release|Any CPU.Build.0 = Release|Any CPU
		{02D14292-ADF6-4A4E-ACE0-2D839C33F62D}.Debug|Any CPU.ActiveCfg = Debug|Any CPU
		{02D14292-ADF6-4A4E-ACE0-2D839C33F62D}.Debug|Any CPU.Build.0 = Debug|Any CPU
		{02D14292-ADF6-4A4E-ACE0-2D839C33F62D}.Release|Any CPU.ActiveCfg = Release|Any CPU
		{02D14292-ADF6-4A4E-ACE0-2D839C33F62D}.Release|Any CPU.Build.0 = Release|Any CPU
	EndGlobalSection
	GlobalSection(SolutionProperties) = preSolution
		HideSolutionNode = FALSE
	EndGlobalSection
	GlobalSection(NestedProjects) = preSolution
		{FC1943B3-A38C-4F7D-B782-40011CA06212} = {B73B4270-82C3-4696-A327-44FF737D29F4}
		{02D14292-ADF6-4A4E-ACE0-2D839C33F62D} = {CB075782-C9E7-48C1-BA07-0D279BB790BB}
	EndGlobalSection
	GlobalSection(ExtensibilityGlobals) = postSolution
		SolutionGuid = {31B602D4-9414-4AF6-8E02-35C5BC30C632}
	EndGlobalSection
EndGlobal
